
Microsoft Visual Studio Solution File, Format Version 12.00
# Visual Studio Version 17
VisualStudioVersion = 17.10.35027.167
MinimumVisualStudioVersion = 10.0.40219.1
Project("{FAE04EC0-301F-11D3-BF4B-00C04F79EFBC}") = "TicTacToe_Game", "TicTacToe_Game.csproj", "{A054133F-6E1E-43A6-B1FA-ABC2F6C262EF}"
EndProject
Global
	GlobalSection(SolutionConfigurationPlatforms) = preSolution
		Debug|Any CPU = Debug|Any CPU
		Release|Any CPU = Release|Any CPU
	EndGlobalSection
	GlobalSection(ProjectConfigurationPlatforms) = postSolution
		{A054133F-6E1E-43A6-B1FA-ABC2F6C262EF}.Debug|Any CPU.ActiveCfg = Debug|Any CPU
		{A054133F-6E1E-43A6-B1FA-ABC2F6C262EF}.Debug|Any CPU.Build.0 = Debug|Any CPU
		{A054133F-6E1E-43A6-B1FA-ABC2F6C262EF}.Release|Any CPU.ActiveCfg = Release|Any CPU
		{A054133F-6E1E-43A6-B1FA-ABC2F6C262EF}.Release|Any CPU.Build.0 = Release|Any CPU
	EndGlobalSection
	GlobalSection(SolutionProperties) = preSolution
		HideSolutionNode = FALSE
	EndGlobalSection
	GlobalSection(ExtensibilityGlobals) = postSolution
		SolutionGuid = {5765A48E-08BF-4F62-9CD6-EE648736DFD2}
	EndGlobalSection
EndGlobal
